
Microsoft Visual Studio Solution File, Format Version 12.00
Project("{FAE04EC0-301F-11D3-BF4B-00C04F79EFBC}") = "AdoNet.Metanit", "AdoNet.Metanit\AdoNet.Metanit.csproj", "{9FC4F2C3-F1A5-4B49-8C48-87E215AE7702}"
EndProject
Project("{2150E333-8FDC-42A3-9474-1A3956D46DE8}") = "Chapter_2", "Chapter_2", "{C4933D51-F16E-40EB-913F-88FB1CE4FBAC}"
EndProject
Project("{2150E333-8FDC-42A3-9474-1A3956D46DE8}") = "Theme_1", "Theme_1", "{419BFB57-5756-44F5-A6FC-18C27A123CDD}"
EndProject
Project("{FAE04EC0-301F-11D3-BF4B-00C04F79EFBC}") = "Example_1-1", "Example_1-1\Example_1-1.csproj", "{D347DC0F-76BA-484D-8F79-BEE251FD3CA6}"
EndProject
Project("{2150E333-8FDC-42A3-9474-1A3956D46DE8}") = "Theme_2", "Theme_2", "{68EFD101-9755-4875-A63D-17C98656EC5D}"
EndProject
Project("{FAE04EC0-301F-11D3-BF4B-00C04F79EFBC}") = "Example_2-1", "Example_2-1\Example_2-1.csproj", "{24632952-C0C4-4DC1-BE41-8C1EACE5A23C}"
EndProject
Project("{2150E333-8FDC-42A3-9474-1A3956D46DE8}") = "Theme_3", "Theme_3", "{94510A64-4CA2-4F74-9585-2EA520F2F6B2}"
EndProject
Project("{FAE04EC0-301F-11D3-BF4B-00C04F79EFBC}") = "Example_3-1", "Example_3-1\Example_3-1.csproj", "{A5219DCA-F40D-4902-8631-52493834C41B}"
EndProject
Project("{FAE04EC0-301F-11D3-BF4B-00C04F79EFBC}") = "Example_3-2", "Example_3-2\Example_3-2.csproj", "{404AA1D4-A0C1-45BB-BDA8-63004534419F}"
EndProject
Project("{FAE04EC0-301F-11D3-BF4B-00C04F79EFBC}") = "Example_3-3", "Example_3-3\Example_3-3.csproj", "{F1BECB3C-744A-44F7-B0A3-9E9EDFADB30B}"
EndProject
Project("{2150E333-8FDC-42A3-9474-1A3956D46DE8}") = "Theme_4", "Theme_4", "{CD0AB178-B160-48F0-990C-74478FBA3329}"
EndProject
Project("{FAE04EC0-301F-11D3-BF4B-00C04F79EFBC}") = "Example_4-1", "Example_4-1\Example_4-1.csproj", "{21215AC5-9518-47AC-94B3-1808CAFB98D4}"
EndProject
Project("{2150E333-8FDC-42A3-9474-1A3956D46DE8}") = "Theme_5", "Theme_5", "{FC45EF20-A456-42F8-8B5D-CB9A0727BAE8}"
EndProject
Project("{FAE04EC0-301F-11D3-BF4B-00C04F79EFBC}") = "Example_5-1", "Example_5-1\Example_5-1.csproj", "{90286B68-B509-41C3-B28A-0E2CA20E9949}"
EndProject
Project("{FAE04EC0-301F-11D3-BF4B-00C04F79EFBC}") = "Example_5-2", "Example_5-2\Example_5-2.csproj", "{AEDF4D12-DDBE-4E2A-8522-7EAF373C6FC3}"
EndProject
Project("{FAE04EC0-301F-11D3-BF4B-00C04F79EFBC}") = "Example_5-3", "Example_5-3\Example_5-3.csproj", "{F73EBEA9-DDBA-4279-8D0F-22C5C84FC849}"
EndProject
Project("{FAE04EC0-301F-11D3-BF4B-00C04F79EFBC}") = "Example_5-4", "Example_5-4\Example_5-4.csproj", "{A762983D-C887-47F9-AC60-63444490977C}"
EndProject
Project("{FAE04EC0-301F-11D3-BF4B-00C04F79EFBC}") = "Example_5-5", "Example_5-5\Example_5-5.csproj", "{3AD644CC-4F85-4A2E-BA99-CCDCC15F8111}"
EndProject
Project("{2150E333-8FDC-42A3-9474-1A3956D46DE8}") = "Theme_6", "Theme_6", "{C207F43A-7677-4B78-8C0F-542BEC20BD54}"
EndProject
Project("{FAE04EC0-301F-11D3-BF4B-00C04F79EFBC}") = "Example_6-1", "Example_6-1\Example_6-1.csproj", "{75E3E426-614D-46D7-B680-45E0947EEE49}"
EndProject
Project("{FAE04EC0-301F-11D3-BF4B-00C04F79EFBC}") = "Example_6-2", "Example_6-2\Example_6-2.csproj", "{9B8C5763-4994-4E20-B781-B9C2C3494139}"
EndProject
Project("{2150E333-8FDC-42A3-9474-1A3956D46DE8}") = "Theme_7", "Theme_7", "{8435A915-7D82-479B-81D9-168F75E42ED5}"
EndProject
Project("{FAE04EC0-301F-11D3-BF4B-00C04F79EFBC}") = "Example_7-1", "Example_7-1\Example_7-1.csproj", "{E82E2842-801B-428B-A0B1-B54988AC5970}"
EndProject
Project("{2150E333-8FDC-42A3-9474-1A3956D46DE8}") = "Theme_8", "Theme_8", "{7F5510CD-40BC-4065-81E5-B0EA0B616733}"
EndProject
Project("{FAE04EC0-301F-11D3-BF4B-00C04F79EFBC}") = "Example_8-1", "Example_8-1\Example_8-1.csproj", "{DEAA426D-E5E0-40B9-8AB2-4367C495A7A0}"
EndProject
Project("{2150E333-8FDC-42A3-9474-1A3956D46DE8}") = "Theme_9", "Theme_9", "{39237403-7B41-42B1-BB05-8A2B160E0927}"
EndProject
Project("{FAE04EC0-301F-11D3-BF4B-00C04F79EFBC}") = "Example_9-1", "Example_9-1\Example_9-1.csproj", "{3752636D-BA88-490D-9588-E80F1A489C58}"
EndProject
Project("{2150E333-8FDC-42A3-9474-1A3956D46DE8}") = "Theme_10", "Theme_10", "{17C7D6E9-FF78-4983-82DF-96373C07F1FA}"
EndProject
Project("{FAE04EC0-301F-11D3-BF4B-00C04F79EFBC}") = "Example_10-1", "Example_10-1\Example_10-1.csproj", "{5EC2CE9C-9E6B-4DFB-A944-DA062BD3F5DE}"
EndProject
Project("{2150E333-8FDC-42A3-9474-1A3956D46DE8}") = "Theme_11", "Theme_11", "{C39F5C20-CB6D-4BC2-BB0D-C63254844872}"
EndProject
Project("{FAE04EC0-301F-11D3-BF4B-00C04F79EFBC}") = "Example_11-1", "Example_11-1\Example_11-1.csproj", "{667AF2D3-0927-4872-894C-7B2C2C2975A9}"
EndProject
Project("{2150E333-8FDC-42A3-9474-1A3956D46DE8}") = "Theme_12", "Theme_12", "{3FA3FB52-4704-48A3-A0B8-D2E226320F0F}"
EndProject
Project("{FAE04EC0-301F-11D3-BF4B-00C04F79EFBC}") = "Example_12-1", "Example_12-1\Example_12-1.csproj", "{1E4B65C1-95D2-4E57-8118-30EC953EA095}"
EndProject
Project("{2150E333-8FDC-42A3-9474-1A3956D46DE8}") = "Theme_13", "Theme_13", "{006F32C0-3F14-480D-B3F9-AC0EE69B1674}"
EndProject
Project("{FAE04EC0-301F-11D3-BF4B-00C04F79EFBC}") = "Example_13-1", "Example_13-1\Example_13-1.csproj", "{F55DC935-83B2-4A33-ADE3-A19BE85B1B5E}"
EndProject
Project("{2150E333-8FDC-42A3-9474-1A3956D46DE8}") = "Chapter_3", "Chapter_3", "{09561DC7-FD07-4929-B26E-8D3DA38A63D6}"
EndProject
Project("{2150E333-8FDC-42A3-9474-1A3956D46DE8}") = "Chapter_4", "Chapter_4", "{F5943A15-44F0-414C-8064-1AA4A030C39A}"
EndProject
Global
	GlobalSection(SolutionConfigurationPlatforms) = preSolution
		Debug|Any CPU = Debug|Any CPU
		Release|Any CPU = Release|Any CPU
	EndGlobalSection
	GlobalSection(ProjectConfigurationPlatforms) = postSolution
		{9FC4F2C3-F1A5-4B49-8C48-87E215AE7702}.Debug|Any CPU.ActiveCfg = Debug|Any CPU
		{9FC4F2C3-F1A5-4B49-8C48-87E215AE7702}.Debug|Any CPU.Build.0 = Debug|Any CPU
		{9FC4F2C3-F1A5-4B49-8C48-87E215AE7702}.Release|Any CPU.ActiveCfg = Release|Any CPU
		{9FC4F2C3-F1A5-4B49-8C48-87E215AE7702}.Release|Any CPU.Build.0 = Release|Any CPU
		{D347DC0F-76BA-484D-8F79-BEE251FD3CA6}.Debug|Any CPU.ActiveCfg = Debug|Any CPU
		{D347DC0F-76BA-484D-8F79-BEE251FD3CA6}.Debug|Any CPU.Build.0 = Debug|Any CPU
		{D347DC0F-76BA-484D-8F79-BEE251FD3CA6}.Release|Any CPU.ActiveCfg = Release|Any CPU
		{D347DC0F-76BA-484D-8F79-BEE251FD3CA6}.Release|Any CPU.Build.0 = Release|Any CPU
		{24632952-C0C4-4DC1-BE41-8C1EACE5A23C}.Debug|Any CPU.ActiveCfg = Debug|Any CPU
		{24632952-C0C4-4DC1-BE41-8C1EACE5A23C}.Debug|Any CPU.Build.0 = Debug|Any CPU
		{24632952-C0C4-4DC1-BE41-8C1EACE5A23C}.Release|Any CPU.ActiveCfg = Release|Any CPU
		{24632952-C0C4-4DC1-BE41-8C1EACE5A23C}.Release|Any CPU.Build.0 = Release|Any CPU
		{A5219DCA-F40D-4902-8631-52493834C41B}.Debug|Any CPU.ActiveCfg = Debug|Any CPU
		{A5219DCA-F40D-4902-8631-52493834C41B}.Debug|Any CPU.Build.0 = Debug|Any CPU
		{A5219DCA-F40D-4902-8631-52493834C41B}.Release|Any CPU.ActiveCfg = Release|Any CPU
		{A5219DCA-F40D-4902-8631-52493834C41B}.Release|Any CPU.Build.0 = Release|Any CPU
		{404AA1D4-A0C1-45BB-BDA8-63004534419F}.Debug|Any CPU.ActiveCfg = Debug|Any CPU
		{404AA1D4-A0C1-45BB-BDA8-63004534419F}.Debug|Any CPU.Build.0 = Debug|Any CPU
		{404AA1D4-A0C1-45BB-BDA8-63004534419F}.Release|Any CPU.ActiveCfg = Release|Any CPU
		{404AA1D4-A0C1-45BB-BDA8-63004534419F}.Release|Any CPU.Build.0 = Release|Any CPU
		{F1BECB3C-744A-44F7-B0A3-9E9EDFADB30B}.Debug|Any CPU.ActiveCfg = Debug|Any CPU
		{F1BECB3C-744A-44F7-B0A3-9E9EDFADB30B}.Debug|Any CPU.Build.0 = Debug|Any CPU
		{F1BECB3C-744A-44F7-B0A3-9E9EDFADB30B}.Release|Any CPU.ActiveCfg = Release|Any CPU
		{F1BECB3C-744A-44F7-B0A3-9E9EDFADB30B}.Release|Any CPU.Build.0 = Release|Any CPU
		{21215AC5-9518-47AC-94B3-1808CAFB98D4}.Debug|Any CPU.ActiveCfg = Debug|Any CPU
		{21215AC5-9518-47AC-94B3-1808CAFB98D4}.Debug|Any CPU.Build.0 = Debug|Any CPU
		{21215AC5-9518-47AC-94B3-1808CAFB98D4}.Release|Any CPU.ActiveCfg = Release|Any CPU
		{21215AC5-9518-47AC-94B3-1808CAFB98D4}.Release|Any CPU.Build.0 = Release|Any CPU
		{90286B68-B509-41C3-B28A-0E2CA20E9949}.Debug|Any CPU.ActiveCfg = Debug|Any CPU
		{90286B68-B509-41C3-B28A-0E2CA20E9949}.Debug|Any CPU.Build.0 = Debug|Any CPU
		{90286B68-B509-41C3-B28A-0E2CA20E9949}.Release|Any CPU.ActiveCfg = Release|Any CPU
		{90286B68-B509-41C3-B28A-0E2CA20E9949}.Release|Any CPU.Build.0 = Release|Any CPU
		{AEDF4D12-DDBE-4E2A-8522-7EAF373C6FC3}.Debug|Any CPU.ActiveCfg = Debug|Any CPU
		{AEDF4D12-DDBE-4E2A-8522-7EAF373C6FC3}.Debug|Any CPU.Build.0 = Debug|Any CPU
		{AEDF4D12-DDBE-4E2A-8522-7EAF373C6FC3}.Release|Any CPU.ActiveCfg = Release|Any CPU
		{AEDF4D12-DDBE-4E2A-8522-7EAF373C6FC3}.Release|Any CPU.Build.0 = Release|Any CPU
		{F73EBEA9-DDBA-4279-8D0F-22C5C84FC849}.Debug|Any CPU.ActiveCfg = Debug|Any CPU
		{F73EBEA9-DDBA-4279-8D0F-22C5C84FC849}.Debug|Any CPU.Build.0 = Debug|Any CPU
		{F73EBEA9-DDBA-4279-8D0F-22C5C84FC849}.Release|Any CPU.ActiveCfg = Release|Any CPU
		{F73EBEA9-DDBA-4279-8D0F-22C5C84FC849}.Release|Any CPU.Build.0 = Release|Any CPU
		{A762983D-C887-47F9-AC60-63444490977C}.Debug|Any CPU.ActiveCfg = Debug|Any CPU
		{A762983D-C887-47F9-AC60-63444490977C}.Debug|Any CPU.Build.0 = Debug|Any CPU
		{A762983D-C887-47F9-AC60-63444490977C}.Release|Any CPU.ActiveCfg = Release|Any CPU
		{A762983D-C887-47F9-AC60-63444490977C}.Release|Any CPU.Build.0 = Release|Any CPU
		{3AD644CC-4F85-4A2E-BA99-CCDCC15F8111}.Debug|Any CPU.ActiveCfg = Debug|Any CPU
		{3AD644CC-4F85-4A2E-BA99-CCDCC15F8111}.Debug|Any CPU.Build.0 = Debug|Any CPU
		{3AD644CC-4F85-4A2E-BA99-CCDCC15F8111}.Release|Any CPU.ActiveCfg = Release|Any CPU
		{3AD644CC-4F85-4A2E-BA99-CCDCC15F8111}.Release|Any CPU.Build.0 = Release|Any CPU
		{75E3E426-614D-46D7-B680-45E0947EEE49}.Debug|Any CPU.ActiveCfg = Debug|Any CPU
		{75E3E426-614D-46D7-B680-45E0947EEE49}.Debug|Any CPU.Build.0 = Debug|Any CPU
		{75E3E426-614D-46D7-B680-45E0947EEE49}.Release|Any CPU.ActiveCfg = Release|Any CPU
		{75E3E426-614D-46D7-B680-45E0947EEE49}.Release|Any CPU.Build.0 = Release|Any CPU
		{9B8C5763-4994-4E20-B781-B9C2C3494139}.Debug|Any CPU.ActiveCfg = Debug|Any CPU
		{9B8C5763-4994-4E20-B781-B9C2C3494139}.Debug|Any CPU.Build.0 = Debug|Any CPU
		{9B8C5763-4994-4E20-B781-B9C2C3494139}.Release|Any CPU.ActiveCfg = Release|Any CPU
		{9B8C5763-4994-4E20-B781-B9C2C3494139}.Release|Any CPU.Build.0 = Release|Any CPU
		{E82E2842-801B-428B-A0B1-B54988AC5970}.Debug|Any CPU.ActiveCfg = Debug|Any CPU
		{E82E2842-801B-428B-A0B1-B54988AC5970}.Debug|Any CPU.Build.0 = Debug|Any CPU
		{E82E2842-801B-428B-A0B1-B54988AC5970}.Release|Any CPU.ActiveCfg = Release|Any CPU
		{E82E2842-801B-428B-A0B1-B54988AC5970}.Release|Any CPU.Build.0 = Release|Any CPU
		{DEAA426D-E5E0-40B9-8AB2-4367C495A7A0}.Debug|Any CPU.ActiveCfg = Debug|Any CPU
		{DEAA426D-E5E0-40B9-8AB2-4367C495A7A0}.Debug|Any CPU.Build.0 = Debug|Any CPU
		{DEAA426D-E5E0-40B9-8AB2-4367C495A7A0}.Release|Any CPU.ActiveCfg = Release|Any CPU
		{DEAA426D-E5E0-40B9-8AB2-4367C495A7A0}.Release|Any CPU.Build.0 = Release|Any CPU
		{3752636D-BA88-490D-9588-E80F1A489C58}.Debug|Any CPU.ActiveCfg = Debug|Any CPU
		{3752636D-BA88-490D-9588-E80F1A489C58}.Debug|Any CPU.Build.0 = Debug|Any CPU
		{3752636D-BA88-490D-9588-E80F1A489C58}.Release|Any CPU.ActiveCfg = Release|Any CPU
		{3752636D-BA88-490D-9588-E80F1A489C58}.Release|Any CPU.Build.0 = Release|Any CPU
		{5EC2CE9C-9E6B-4DFB-A944-DA062BD3F5DE}.Debug|Any CPU.ActiveCfg = Debug|Any CPU
		{5EC2CE9C-9E6B-4DFB-A944-DA062BD3F5DE}.Debug|Any CPU.Build.0 = Debug|Any CPU
		{5EC2CE9C-9E6B-4DFB-A944-DA062BD3F5DE}.Release|Any CPU.ActiveCfg = Release|Any CPU
		{5EC2CE9C-9E6B-4DFB-A944-DA062BD3F5DE}.Release|Any CPU.Build.0 = Release|Any CPU
		{667AF2D3-0927-4872-894C-7B2C2C2975A9}.Debug|Any CPU.ActiveCfg = Debug|Any CPU
		{667AF2D3-0927-4872-894C-7B2C2C2975A9}.Debug|Any CPU.Build.0 = Debug|Any CPU
		{667AF2D3-0927-4872-894C-7B2C2C2975A9}.Release|Any CPU.ActiveCfg = Release|Any CPU
		{667AF2D3-0927-4872-894C-7B2C2C2975A9}.Release|Any CPU.Build.0 = Release|Any CPU
		{1E4B65C1-95D2-4E57-8118-30EC953EA095}.Debug|Any CPU.ActiveCfg = Debug|Any CPU
		{1E4B65C1-95D2-4E57-8118-30EC953EA095}.Debug|Any CPU.Build.0 = Debug|Any CPU
		{1E4B65C1-95D2-4E57-8118-30EC953EA095}.Release|Any CPU.ActiveCfg = Release|Any CPU
		{1E4B65C1-95D2-4E57-8118-30EC953EA095}.Release|Any CPU.Build.0 = Release|Any CPU
		{F55DC935-83B2-4A33-ADE3-A19BE85B1B5E}.Debug|Any CPU.ActiveCfg = Debug|Any CPU
		{F55DC935-83B2-4A33-ADE3-A19BE85B1B5E}.Debug|Any CPU.Build.0 = Debug|Any CPU
		{F55DC935-83B2-4A33-ADE3-A19BE85B1B5E}.Release|Any CPU.ActiveCfg = Release|Any CPU
		{F55DC935-83B2-4A33-ADE3-A19BE85B1B5E}.Release|Any CPU.Build.0 = Release|Any CPU
	EndGlobalSection
	GlobalSection(NestedProjects) = preSolution
		{419BFB57-5756-44F5-A6FC-18C27A123CDD} = {C4933D51-F16E-40EB-913F-88FB1CE4FBAC}
		{D347DC0F-76BA-484D-8F79-BEE251FD3CA6} = {419BFB57-5756-44F5-A6FC-18C27A123CDD}
		{68EFD101-9755-4875-A63D-17C98656EC5D} = {C4933D51-F16E-40EB-913F-88FB1CE4FBAC}
		{24632952-C0C4-4DC1-BE41-8C1EACE5A23C} = {68EFD101-9755-4875-A63D-17C98656EC5D}
		{94510A64-4CA2-4F74-9585-2EA520F2F6B2} = {C4933D51-F16E-40EB-913F-88FB1CE4FBAC}
		{A5219DCA-F40D-4902-8631-52493834C41B} = {94510A64-4CA2-4F74-9585-2EA520F2F6B2}
		{404AA1D4-A0C1-45BB-BDA8-63004534419F} = {94510A64-4CA2-4F74-9585-2EA520F2F6B2}
		{F1BECB3C-744A-44F7-B0A3-9E9EDFADB30B} = {94510A64-4CA2-4F74-9585-2EA520F2F6B2}
		{CD0AB178-B160-48F0-990C-74478FBA3329} = {C4933D51-F16E-40EB-913F-88FB1CE4FBAC}
		{21215AC5-9518-47AC-94B3-1808CAFB98D4} = {CD0AB178-B160-48F0-990C-74478FBA3329}
		{FC45EF20-A456-42F8-8B5D-CB9A0727BAE8} = {C4933D51-F16E-40EB-913F-88FB1CE4FBAC}
		{90286B68-B509-41C3-B28A-0E2CA20E9949} = {FC45EF20-A456-42F8-8B5D-CB9A0727BAE8}
		{AEDF4D12-DDBE-4E2A-8522-7EAF373C6FC3} = {FC45EF20-A456-42F8-8B5D-CB9A0727BAE8}
		{F73EBEA9-DDBA-4279-8D0F-22C5C84FC849} = {FC45EF20-A456-42F8-8B5D-CB9A0727BAE8}
		{A762983D-C887-47F9-AC60-63444490977C} = {FC45EF20-A456-42F8-8B5D-CB9A0727BAE8}
		{3AD644CC-4F85-4A2E-BA99-CCDCC15F8111} = {FC45EF20-A456-42F8-8B5D-CB9A0727BAE8}
		{C207F43A-7677-4B78-8C0F-542BEC20BD54} = {C4933D51-F16E-40EB-913F-88FB1CE4FBAC}
		{75E3E426-614D-46D7-B680-45E0947EEE49} = {C207F43A-7677-4B78-8C0F-542BEC20BD54}
		{9B8C5763-4994-4E20-B781-B9C2C3494139} = {C207F43A-7677-4B78-8C0F-542BEC20BD54}
		{8435A915-7D82-479B-81D9-168F75E42ED5} = {C4933D51-F16E-40EB-913F-88FB1CE4FBAC}
		{E82E2842-801B-428B-A0B1-B54988AC5970} = {8435A915-7D82-479B-81D9-168F75E42ED5}
		{7F5510CD-40BC-4065-81E5-B0EA0B616733} = {C4933D51-F16E-40EB-913F-88FB1CE4FBAC}
		{DEAA426D-E5E0-40B9-8AB2-4367C495A7A0} = {7F5510CD-40BC-4065-81E5-B0EA0B616733}
		{39237403-7B41-42B1-BB05-8A2B160E0927} = {C4933D51-F16E-40EB-913F-88FB1CE4FBAC}
		{3752636D-BA88-490D-9588-E80F1A489C58} = {39237403-7B41-42B1-BB05-8A2B160E0927}
		{17C7D6E9-FF78-4983-82DF-96373C07F1FA} = {C4933D51-F16E-40EB-913F-88FB1CE4FBAC}
		{5EC2CE9C-9E6B-4DFB-A944-DA062BD3F5DE} = {17C7D6E9-FF78-4983-82DF-96373C07F1FA}
		{C39F5C20-CB6D-4BC2-BB0D-C63254844872} = {C4933D51-F16E-40EB-913F-88FB1CE4FBAC}
		{667AF2D3-0927-4872-894C-7B2C2C2975A9} = {C39F5C20-CB6D-4BC2-BB0D-C63254844872}
		{3FA3FB52-4704-48A3-A0B8-D2E226320F0F} = {C4933D51-F16E-40EB-913F-88FB1CE4FBAC}
		{1E4B65C1-95D2-4E57-8118-30EC953EA095} = {3FA3FB52-4704-48A3-A0B8-D2E226320F0F}
		{006F32C0-3F14-480D-B3F9-AC0EE69B1674} = {C4933D51-F16E-40EB-913F-88FB1CE4FBAC}
		{F55DC935-83B2-4A33-ADE3-A19BE85B1B5E} = {006F32C0-3F14-480D-B3F9-AC0EE69B1674}
	EndGlobalSection
EndGlobal
